
Microsoft Visual Studio Solution File, Format Version 12.00
# Visual Studio 14
VisualStudioVersion = 14.0.25420.1
MinimumVisualStudioVersion = 10.0.40219.1
Project("{FAE04EC0-301F-11D3-BF4B-00C04F79EFBC}") = "es.eit.data", "es.eit.data\es.eit.data.csproj", "{8D8809F5-7C29-413E-9DCE-31C87345A0D3}"
EndProject
Project("{FAE04EC0-301F-11D3-BF4B-00C04F79EFBC}") = "es.eit.model", "es.eit.model\es.eit.model.csproj", "{D63DB0E6-A24C-4D99-A786-2BE0AC50A91B}"
EndProject
Project("{FAE04EC0-301F-11D3-BF4B-00C04F79EFBC}") = "es.eit.application", "es.eit.application\es.eit.application.csproj", "{71EA5D42-497F-4969-B1D0-D34DE747888B}"
EndProject
Project("{FAE04EC0-301F-11D3-BF4B-00C04F79EFBC}") = "es.eit.Test", "es.eit.Test\es.eit.Test.csproj", "{B614D30C-6D38-4882-BBAB-692FC101C829}"
EndProject
Project("{FAE04EC0-301F-11D3-BF4B-00C04F79EFBC}") = "es.eit.Common.Infrastructure", "es.eit.Common.Infrastructure\es.eit.Common.Infrastructure.csproj", "{148D6DB9-455E-4FCE-9DE8-F252FE809F2A}"
EndProject
Project("{FAE04EC0-301F-11D3-BF4B-00C04F79EFBC}") = "es.eit.Common.Model", "es.eit.Common.Model\es.eit.Common.Model.csproj", "{B0D42FF4-5C77-4BC4-8E1E-5EEF9299E154}"
EndProject
Project("{FAE04EC0-301F-11D3-BF4B-00C04F79EFBC}") = "es.eit.Common.Data", "es.eit.Common.Data\es.eit.Common.Data.csproj", "{9E570240-E036-4F4B-AD57-E05C803CB69C}"
EndProject
Project("{FAE04EC0-301F-11D3-BF4B-00C04F79EFBC}") = "es.eit.Common.Application", "es.eit.Common.Application\es.eit.Common.Application.csproj", "{E2BD531A-C226-47D6-8A91-A4B30ED93EC6}"
EndProject
Project("{FAE04EC0-301F-11D3-BF4B-00C04F79EFBC}") = "es.eit.mvc_api", "es.eit.mvc_api\es.eit.mvc_api.csproj", "{FE92EFBF-0133-4A57-B56E-60CC02CCBC46}"
EndProject
Global
	GlobalSection(SolutionConfigurationPlatforms) = preSolution
		Debug|Any CPU = Debug|Any CPU
		Release|Any CPU = Release|Any CPU
	EndGlobalSection
	GlobalSection(ProjectConfigurationPlatforms) = postSolution
		{8D8809F5-7C29-413E-9DCE-31C87345A0D3}.Debug|Any CPU.ActiveCfg = Debug|Any CPU
		{8D8809F5-7C29-413E-9DCE-31C87345A0D3}.Debug|Any CPU.Build.0 = Debug|Any CPU
		{8D8809F5-7C29-413E-9DCE-31C87345A0D3}.Release|Any CPU.ActiveCfg = Release|Any CPU
		{8D8809F5-7C29-413E-9DCE-31C87345A0D3}.Release|Any CPU.Build.0 = Release|Any CPU
		{D63DB0E6-A24C-4D99-A786-2BE0AC50A91B}.Debug|Any CPU.ActiveCfg = Debug|Any CPU
		{D63DB0E6-A24C-4D99-A786-2BE0AC50A91B}.Debug|Any CPU.Build.0 = Debug|Any CPU
		{D63DB0E6-A24C-4D99-A786-2BE0AC50A91B}.Release|Any CPU.ActiveCfg = Release|Any CPU
		{D63DB0E6-A24C-4D99-A786-2BE0AC50A91B}.Release|Any CPU.Build.0 = Release|Any CPU
		{71EA5D42-497F-4969-B1D0-D34DE747888B}.Debug|Any CPU.ActiveCfg = Debug|Any CPU
		{71EA5D42-497F-4969-B1D0-D34DE747888B}.Debug|Any CPU.Build.0 = Debug|Any CPU
		{71EA5D42-497F-4969-B1D0-D34DE747888B}.Release|Any CPU.ActiveCfg = Release|Any CPU
		{71EA5D42-497F-4969-B1D0-D34DE747888B}.Release|Any CPU.Build.0 = Release|Any CPU
		{B614D30C-6D38-4882-BBAB-692FC101C829}.Debug|Any CPU.ActiveCfg = Debug|Any CPU
		{B614D30C-6D38-4882-BBAB-692FC101C829}.Debug|Any CPU.Build.0 = Debug|Any CPU
		{B614D30C-6D38-4882-BBAB-692FC101C829}.Release|Any CPU.ActiveCfg = Release|Any CPU
		{B614D30C-6D38-4882-BBAB-692FC101C829}.Release|Any CPU.Build.0 = Release|Any CPU
		{148D6DB9-455E-4FCE-9DE8-F252FE809F2A}.Debug|Any CPU.ActiveCfg = Debug|Any CPU
		{148D6DB9-455E-4FCE-9DE8-F252FE809F2A}.Debug|Any CPU.Build.0 = Debug|Any CPU
		{148D6DB9-455E-4FCE-9DE8-F252FE809F2A}.Release|Any CPU.ActiveCfg = Release|Any CPU
		{148D6DB9-455E-4FCE-9DE8-F252FE809F2A}.Release|Any CPU.Build.0 = Release|Any CPU
		{B0D42FF4-5C77-4BC4-8E1E-5EEF9299E154}.Debug|Any CPU.ActiveCfg = Debug|Any CPU
		{B0D42FF4-5C77-4BC4-8E1E-5EEF9299E154}.Debug|Any CPU.Build.0 = Debug|Any CPU
		{B0D42FF4-5C77-4BC4-8E1E-5EEF9299E154}.Release|Any CPU.ActiveCfg = Release|Any CPU
		{B0D42FF4-5C77-4BC4-8E1E-5EEF9299E154}.Release|Any CPU.Build.0 = Release|Any CPU
		{9E570240-E036-4F4B-AD57-E05C803CB69C}.Debug|Any CPU.ActiveCfg = Debug|Any CPU
		{9E570240-E036-4F4B-AD57-E05C803CB69C}.Debug|Any CPU.Build.0 = Debug|Any CPU
		{9E570240-E036-4F4B-AD57-E05C803CB69C}.Release|Any CPU.ActiveCfg = Release|Any CPU
		{9E570240-E036-4F4B-AD57-E05C803CB69C}.Release|Any CPU.Build.0 = Release|Any CPU
		{E2BD531A-C226-47D6-8A91-A4B30ED93EC6}.Debug|Any CPU.ActiveCfg = Debug|Any CPU
		{E2BD531A-C226-47D6-8A91-A4B30ED93EC6}.Debug|Any CPU.Build.0 = Debug|Any CPU
		{E2BD531A-C226-47D6-8A91-A4B30ED93EC6}.Release|Any CPU.ActiveCfg = Release|Any CPU
		{E2BD531A-C226-47D6-8A91-A4B30ED93EC6}.Release|Any CPU.Build.0 = Release|Any CPU
		{FE92EFBF-0133-4A57-B56E-60CC02CCBC46}.Debug|Any CPU.ActiveCfg = Debug|Any CPU
		{FE92EFBF-0133-4A57-B56E-60CC02CCBC46}.Debug|Any CPU.Build.0 = Debug|Any CPU
		{FE92EFBF-0133-4A57-B56E-60CC02CCBC46}.Release|Any CPU.ActiveCfg = Release|Any CPU
		{FE92EFBF-0133-4A57-B56E-60CC02CCBC46}.Release|Any CPU.Build.0 = Release|Any CPU
	EndGlobalSection
	GlobalSection(SolutionProperties) = preSolution
		HideSolutionNode = FALSE
	EndGlobalSection
	GlobalSection(ExtensibilityGlobals) = postSolution
		VisualSVNWorkingCopyRoot = .
	EndGlobalSection
EndGlobal
